
Microsoft Visual Studio Solution File, Format Version 12.00
# Visual Studio Version 16
VisualStudioVersion = 16.0.32929.386
MinimumVisualStudioVersion = 10.0.40219.1
Project("{FAE04EC0-301F-11D3-BF4B-00C04F79EFBC}") = "TaskManagerCore", "TaskManagerCore.csproj", "{98E5CF45-6D63-43FF-AF41-39F133CBAAC7}"
EndProject
Global
	GlobalSection(SolutionConfigurationPlatforms) = preSolution
		Debug|Any CPU = Debug|Any CPU
		Release|Any CPU = Release|Any CPU
	EndGlobalSection
	GlobalSection(ProjectConfigurationPlatforms) = postSolution
		{98E5CF45-6D63-43FF-AF41-39F133CBAAC7}.Debug|Any CPU.ActiveCfg = Debug|Any CPU
		{98E5CF45-6D63-43FF-AF41-39F133CBAAC7}.Debug|Any CPU.Build.0 = Debug|Any CPU
		{98E5CF45-6D63-43FF-AF41-39F133CBAAC7}.Release|Any CPU.ActiveCfg = Release|Any CPU
		{98E5CF45-6D63-43FF-AF41-39F133CBAAC7}.Release|Any CPU.Build.0 = Release|Any CPU
	EndGlobalSection
	GlobalSection(SolutionProperties) = preSolution
		HideSolutionNode = FALSE
	EndGlobalSection
	GlobalSection(ExtensibilityGlobals) = postSolution
		SolutionGuid = {8F79F33D-B6B4-40EB-8D08-68EF56031638}
	EndGlobalSection
EndGlobal
